<?xml version="1.0" encoding="utf-8"?>
<Project ToolsVersion="4.0" xmlns="http://schemas.microsoft.com/developer/msbuild/2003">
  <ItemGroup>
    <Filter Include="Source Files">
      <UniqueIdentifier>{4FC737F1-C7A5-4376-A066-2A32D752A2FF}</UniqueIdentifier>
      <Extensions>cpp;c;cc;cxx;c++;cppm;ixx;def;odl;idl;hpj;bat;asm;asmx</Extensions>
    </Filter>
    <Filter Include="Header Files">
      <UniqueIdentifier>{93995380-89BD-4b04-88EB-625FBE52EBFB}</UniqueIdentifier>
      <Extensions>h;hh;hpp;hxx;h++;hm;inl;inc;ipp;xsd</Extensions>
    </Filter>
    <Filter Include="Resource Files">
      <UniqueIdentifier>{67DA6AB6-F800-4c08-8B7A-83BB121AAD01}</UniqueIdentifier>
      <Extensions>rc;ico;cur;bmp;dlg;rc2;rct;bin;rgs;gif;jpg;jpeg;jpe;resx;tiff;tif;png;wav;mfcribbon-ms</Extensions>
    </Filter>
    <Filter Include="utils">
      <UniqueIdentifier>{34313229-280f-450f-b772-56ca2dac1cae}</UniqueIdentifier>
    </Filter>
    <Filter Include="Mortgage utils">
      <UniqueIdentifier>{eb866d30-2e7e-4a39-82cd-082177d7e8f8}</UniqueIdentifier>
    </Filter>
    <Filter Include="Card utils">
      <UniqueIdentifier>{530a06cc-bb3b-4294-b418-92cb80a8e4e3}</UniqueIdentifier>
    </Filter>
    <Filter Include="Field utils">
      <UniqueIdentifier>{f3caff37-53fc-4d2b-b998-3b807b2380d0}</UniqueIdentifier>
    </Filter>
    <Filter Include="Field utils\FieldFamilies">
      <UniqueIdentifier>{f6b12155-c282-4d4f-8d88-e5f39341d0d6}</UniqueIdentifier>
    </Filter>
    <Filter Include="Field utils\SpecialFields">
      <UniqueIdentifier>{2b8e4de4-bb39-408f-bcf3-ccf03676b96d}</UniqueIdentifier>
    </Filter>
    <Filter Include="Commands">
      <UniqueIdentifier>{9ce1ad78-66df-4acc-9d45-01d247dbe0b5}</UniqueIdentifier>
    </Filter>
    <Filter Include="Field utils\CornerFields">
      <UniqueIdentifier>{32e34129-6c9a-4a2d-b397-e265e5e34563}</UniqueIdentifier>
    </Filter>
    <Filter Include="Commands\GameCreationCommands">
      <UniqueIdentifier>{afa53f8c-a4bf-44de-bde3-e56a6c36b721}</UniqueIdentifier>
    </Filter>
    <Filter Include="Commands\Game Commands">
      <UniqueIdentifier>{e689c1e0-104c-47dc-80e3-7ea1c309a190}</UniqueIdentifier>
    </Filter>
    <Filter Include="Commands\Game Commands\TradeCommands">
      <UniqueIdentifier>{e734379a-22ab-4447-aea6-7e473d18253b}</UniqueIdentifier>
    </Filter>
    <Filter Include="Trade utils">
      <UniqueIdentifier>{948fcdda-8ad2-49f1-a7c1-42c3dfa9cc05}</UniqueIdentifier>
    </Filter>
  </ItemGroup>
  <ItemGroup>
    <ClCompile Include="MonOOPoly.cpp">
      <Filter>utils</Filter>
    </ClCompile>
    <ClCompile Include="MyString.cpp">
      <Filter>utils</Filter>
    </ClCompile>
    <ClCompile Include="Board.cpp">
      <Filter>Source Files</Filter>
    </ClCompile>
    <ClCompile Include="Monopoly.cpp">
      <Filter>Source Files</Filter>
    </ClCompile>
    <ClCompile Include="Player.cpp">
      <Filter>Source Files</Filter>
    </ClCompile>
    <ClCompile Include="InputProcessor.cpp">
      <Filter>Source Files</Filter>
    </ClCompile>
    <ClCompile Include="Castle.cpp">
      <Filter>Mortgage utils</Filter>
    </ClCompile>
    <ClCompile Include="Cottage.cpp">
      <Filter>Mortgage utils</Filter>
    </ClCompile>
    <ClCompile Include="Mortgage.cpp">
      <Filter>Mortgage utils</Filter>
    </ClCompile>
    <ClCompile Include="MortgageManager.cpp">
      <Filter>Mortgage utils</Filter>
    </ClCompile>
    <ClCompile Include="CardDeck.cpp">
      <Filter>Card utils</Filter>
    </ClCompile>
    <ClCompile Include="Card.cpp">
      <Filter>Card utils</Filter>
    </ClCompile>
    <ClCompile Include="MovePositionCard.cpp">
      <Filter>Card utils</Filter>
    </ClCompile>
    <ClCompile Include="PaymentCard.cpp">
      <Filter>Card utils</Filter>
    </ClCompile>
    <ClCompile Include="Field.cpp">
      <Filter>Field utils</Filter>
    </ClCompile>
    <ClCompile Include="Property.cpp">
      <Filter>Field utils</Filter>
    </ClCompile>
    <ClCompile Include="BuyableField.cpp">
      <Filter>Field utils</Filter>
    </ClCompile>
    <ClCompile Include="utilities.cpp">
      <Filter>utils</Filter>
    </ClCompile>
    <ClCompile Include="CardField.cpp">
      <Filter>Field utils</Filter>
    </ClCompile>
    <ClCompile Include="FieldFamily.cpp">
      <Filter>Field utils\FieldFamilies</Filter>
    </ClCompile>
    <ClCompile Include="PropertyFamily.cpp">
      <Filter>Field utils\FieldFamilies</Filter>
    </ClCompile>
    <ClCompile Include="Facility.cpp">
      <Filter>Field utils\SpecialFields</Filter>
    </ClCompile>
    <ClCompile Include="SpecialField.cpp">
      <Filter>Field utils\SpecialFields</Filter>
    </ClCompile>
    <ClCompile Include="Station.cpp">
      <Filter>Field utils\SpecialFields</Filter>
    </ClCompile>
    <ClCompile Include="CornerField.cpp">
      <Filter>Field utils\CornerFields</Filter>
    </ClCompile>
    <ClCompile Include="Start.cpp">
      <Filter>Field utils\CornerFields</Filter>
    </ClCompile>
    <ClCompile Include="FreeParking.cpp">
      <Filter>Field utils\CornerFields</Filter>
    </ClCompile>
    <ClCompile Include="GoToJail.cpp">
      <Filter>Field utils\CornerFields</Filter>
    </ClCompile>
    <ClCompile Include="Jail.cpp">
      <Filter>Field utils\CornerFields</Filter>
    </ClCompile>
    <ClCompile Include="DefualtGameCommand.cpp">
      <Filter>Commands\GameCreationCommands</Filter>
    </ClCompile>
    <ClCompile Include="LoadGameCommand.cpp">
      <Filter>Commands\GameCreationCommands</Filter>
    </ClCompile>
    <ClCompile Include="ManualGameCommand.cpp">
      <Filter>Commands\GameCreationCommands</Filter>
    </ClCompile>
    <ClCompile Include="GameCreationCommandFactory.cpp">
      <Filter>Commands\GameCreationCommands</Filter>
    </ClCompile>
    <ClCompile Include="BuildCommand.cpp">
      <Filter>Commands\Game Commands</Filter>
    </ClCompile>
    <ClCompile Include="BuyMortgageCommand.cpp">
      <Filter>Commands\Game Commands</Filter>
    </ClCompile>
    <ClCompile Include="GameCommandFactory.cpp">
      <Filter>Commands\Game Commands</Filter>
    </ClCompile>
    <ClCompile Include="ThrowDiceCommand.cpp">
      <Filter>Commands\Game Commands</Filter>
    </ClCompile>
    <ClCompile Include="Command.cpp">
      <Filter>Commands</Filter>
    </ClCompile>
    <ClCompile Include="Launcher.cpp">
      <Filter>Source Files</Filter>
    </ClCompile>
    <ClCompile Include="TradeWithBankCommand.cpp">
      <Filter>Commands\Game Commands\TradeCommands</Filter>
    </ClCompile>
    <ClCompile Include="TradeWithPlayerCommand.cpp">
      <Filter>Commands\Game Commands\TradeCommands</Filter>
    </ClCompile>
    <ClCompile Include="Trade.cpp">
      <Filter>Trade utils</Filter>
    </ClCompile>
    <ClCompile Include="Bank.cpp">
      <Filter>Trade utils</Filter>
    </ClCompile>
  </ItemGroup>
  <ItemGroup>
    <ClInclude Include="MyQueue.hpp">
      <Filter>utils</Filter>
    </ClInclude>
    <ClInclude Include="MyString.h">
      <Filter>utils</Filter>
    </ClInclude>
    <ClInclude Include="MyVector.hpp">
      <Filter>utils</Filter>
    </ClInclude>
    <ClInclude Include="SharedPtr.hpp">
      <Filter>utils</Filter>
    </ClInclude>
    <ClInclude Include="UniquePtr.hpp">
      <Filter>utils</Filter>
    </ClInclude>
    <ClInclude Include="Board.h">
      <Filter>Header Files</Filter>
    </ClInclude>
    <ClInclude Include="Monopoly.h">
      <Filter>Header Files</Filter>
    </ClInclude>
    <ClInclude Include="Player.h">
      <Filter>Header Files</Filter>
    </ClInclude>
    <ClInclude Include="InputProcessor.h">
      <Filter>Header Files</Filter>
    </ClInclude>
    <ClInclude Include="Cottage.h">
      <Filter>Mortgage utils</Filter>
    </ClInclude>
    <ClInclude Include="Mortgage.h">
      <Filter>Mortgage utils</Filter>
    </ClInclude>
    <ClInclude Include="Castle.h">
      <Filter>Mortgage utils</Filter>
    </ClInclude>
    <ClInclude Include="MortgageManager.h">
      <Filter>Mortgage utils</Filter>
    </ClInclude>
    <ClInclude Include="CardDeck.h">
      <Filter>Card utils</Filter>
    </ClInclude>
    <ClInclude Include="Card.h">
      <Filter>Card utils</Filter>
    </ClInclude>
    <ClInclude Include="MovePositionCard.h">
      <Filter>Card utils</Filter>
    </ClInclude>
    <ClInclude Include="PaymentCard.h">
      <Filter>Card utils</Filter>
    </ClInclude>
    <ClInclude Include="Field.h">
      <Filter>Field utils</Filter>
    </ClInclude>
    <ClInclude Include="Property.h">
      <Filter>Field utils</Filter>
    </ClInclude>
    <ClInclude Include="BuyableField.h">
      <Filter>Field utils</Filter>
    </ClInclude>
    <ClInclude Include="MyDictionary.hpp">
      <Filter>utils</Filter>
    </ClInclude>
    <ClInclude Include="MyPair.hpp">
      <Filter>utils</Filter>
    </ClInclude>
    <ClInclude Include="utilities.h">
      <Filter>utils</Filter>
    </ClInclude>
    <ClInclude Include="IteratibleContainer.hpp">
      <Filter>utils</Filter>
    </ClInclude>
    <ClInclude Include="Iterator.hpp">
      <Filter>utils</Filter>
    </ClInclude>
    <ClInclude Include="CardField.h">
      <Filter>Field utils</Filter>
    </ClInclude>
    <ClInclude Include="FieldFamily.h">
      <Filter>Field utils\FieldFamilies</Filter>
    </ClInclude>
    <ClInclude Include="PropertyFamily.h">
      <Filter>Field utils\FieldFamilies</Filter>
    </ClInclude>
    <ClInclude Include="Station.h">
      <Filter>Field utils\SpecialFields</Filter>
    </ClInclude>
    <ClInclude Include="SpecialField.h">
      <Filter>Field utils\SpecialFields</Filter>
    </ClInclude>
    <ClInclude Include="Facility.h">
      <Filter>Field utils\SpecialFields</Filter>
    </ClInclude>
    <ClInclude Include="CornerField.h">
      <Filter>Field utils\CornerFields</Filter>
    </ClInclude>
    <ClInclude Include="Start.h">
      <Filter>Field utils\CornerFields</Filter>
    </ClInclude>
    <ClInclude Include="FreeParking.h">
      <Filter>Field utils\CornerFields</Filter>
    </ClInclude>
    <ClInclude Include="GoToJail.h">
      <Filter>Field utils\CornerFields</Filter>
    </ClInclude>
    <ClInclude Include="Jail.h">
      <Filter>Field utils\CornerFields</Filter>
    </ClInclude>
    <ClInclude Include="DefualtGameCommand.h">
      <Filter>Commands\GameCreationCommands</Filter>
    </ClInclude>
    <ClInclude Include="LoadGameCommand.h">
      <Filter>Commands\GameCreationCommands</Filter>
    </ClInclude>
    <ClInclude Include="ManualGameCommand.h">
      <Filter>Commands\GameCreationCommands</Filter>
    </ClInclude>
    <ClInclude Include="GameCreationCommandFactory.h">
      <Filter>Commands\GameCreationCommands</Filter>
    </ClInclude>
    <ClInclude Include="BuildCommand.h">
      <Filter>Commands\Game Commands</Filter>
    </ClInclude>
    <ClInclude Include="BuyMortgageCommand.h">
      <Filter>Commands\Game Commands</Filter>
    </ClInclude>
    <ClInclude Include="GameCommandFactory.h">
      <Filter>Commands\Game Commands</Filter>
    </ClInclude>
    <ClInclude Include="ThrowDiceCommand.h">
      <Filter>Commands\Game Commands</Filter>
    </ClInclude>
    <ClInclude Include="Command.h">
      <Filter>Commands</Filter>
    </ClInclude>
    <ClInclude Include="Launcher.h">
      <Filter>Header Files</Filter>
    </ClInclude>
    <ClInclude Include="TradeWithBankCommand.h">
      <Filter>Commands\Game Commands\TradeCommands</Filter>
    </ClInclude>
    <ClInclude Include="TradeWithPlayerCommand.h">
      <Filter>Commands\Game Commands\TradeCommands</Filter>
    </ClInclude>
    <ClInclude Include="Bank.h">
      <Filter>Trade utils</Filter>
    </ClInclude>
    <ClInclude Include="Trade.h">
      <Filter>Trade utils</Filter>
    </ClInclude>
  </ItemGroup>
</Project>