<?xml version="1.0" encoding="utf-8"?>
<Project ToolsVersion="4.0" xmlns="http://schemas.microsoft.com/developer/msbuild/2003">
  <ItemGroup>
    <Filter Include="Source Files">
      <UniqueIdentifier>{4FC737F1-C7A5-4376-A066-2A32D752A2FF}</UniqueIdentifier>
      <Extensions>cpp;c;cc;cxx;c++;cppm;ixx;def;odl;idl;hpj;bat;asm;asmx</Extensions>
    </Filter>
    <Filter Include="Header Files">
      <UniqueIdentifier>{93995380-89BD-4b04-88EB-625FBE52EBFB}</UniqueIdentifier>
      <Extensions>h;hh;hpp;hxx;h++;hm;inl;inc;ipp;xsd</Extensions>
    </Filter>
    <Filter Include="Resource Files">
      <UniqueIdentifier>{67DA6AB6-F800-4c08-8B7A-83BB121AAD01}</UniqueIdentifier>
      <Extensions>rc;ico;cur;bmp;dlg;rc2;rct;bin;rgs;gif;jpg;jpeg;jpe;resx;tiff;tif;png;wav;mfcribbon-ms</Extensions>
    </Filter>
    <Filter Include="utils">
      <UniqueIdentifier>{34313229-280f-450f-b772-56ca2dac1cae}</UniqueIdentifier>
    </Filter>
    <Filter Include="Mortgage utils">
      <UniqueIdentifier>{eb866d30-2e7e-4a39-82cd-082177d7e8f8}</UniqueIdentifier>
    </Filter>
    <Filter Include="Card utils">
      <UniqueIdentifier>{530a06cc-bb3b-4294-b418-92cb80a8e4e3}</UniqueIdentifier>
    </Filter>
    <Filter Include="Field utils">
      <UniqueIdentifier>{f3caff37-53fc-4d2b-b998-3b807b2380d0}</UniqueIdentifier>
    </Filter>
    <Filter Include="Field utils\FieldFamilies">
      <UniqueIdentifier>{f6b12155-c282-4d4f-8d88-e5f39341d0d6}</UniqueIdentifier>
    </Filter>
  </ItemGroup>
  <ItemGroup>
    <ClCompile Include="MonOOPoly.cpp">
      <Filter>utils</Filter>
    </ClCompile>
    <ClCompile Include="MyString.cpp">
      <Filter>utils</Filter>
    </ClCompile>
    <ClCompile Include="Board.cpp">
      <Filter>Source Files</Filter>
    </ClCompile>
    <ClCompile Include="Monopoly.cpp">
      <Filter>Source Files</Filter>
    </ClCompile>
    <ClCompile Include="Player.cpp">
      <Filter>Source Files</Filter>
    </ClCompile>
    <ClCompile Include="InputProcessor.cpp">
      <Filter>Source Files</Filter>
    </ClCompile>
    <ClCompile Include="Castle.cpp">
      <Filter>Mortgage utils</Filter>
    </ClCompile>
    <ClCompile Include="Cottage.cpp">
      <Filter>Mortgage utils</Filter>
    </ClCompile>
    <ClCompile Include="Mortgage.cpp">
      <Filter>Mortgage utils</Filter>
    </ClCompile>
    <ClCompile Include="MortgageManager.cpp">
      <Filter>Mortgage utils</Filter>
    </ClCompile>
    <ClCompile Include="CardDeck.cpp">
      <Filter>Card utils</Filter>
    </ClCompile>
    <ClCompile Include="Card.cpp">
      <Filter>Card utils</Filter>
    </ClCompile>
    <ClCompile Include="MovePositionCard.cpp">
      <Filter>Card utils</Filter>
    </ClCompile>
    <ClCompile Include="PaymentCard.cpp">
      <Filter>Card utils</Filter>
    </ClCompile>
    <ClCompile Include="Field.cpp">
      <Filter>Field utils</Filter>
    </ClCompile>
    <ClCompile Include="Property.cpp">
      <Filter>Field utils</Filter>
    </ClCompile>
    <ClCompile Include="BuyableField.cpp">
      <Filter>Field utils</Filter>
    </ClCompile>
    <ClCompile Include="Station.cpp">
      <Filter>Source Files</Filter>
    </ClCompile>
    <ClCompile Include="utilities.cpp">
      <Filter>utils</Filter>
    </ClCompile>
    <ClCompile Include="CardField.cpp">
      <Filter>Field utils</Filter>
    </ClCompile>
    <ClCompile Include="FieldFamily.cpp">
      <Filter>Field utils\FieldFamilies</Filter>
    </ClCompile>
    <ClCompile Include="PropertyFamily.cpp">
      <Filter>Field utils\FieldFamilies</Filter>
    </ClCompile>
  </ItemGroup>
  <ItemGroup>
    <ClInclude Include="MyQueue.hpp">
      <Filter>utils</Filter>
    </ClInclude>
    <ClInclude Include="MyString.h">
      <Filter>utils</Filter>
    </ClInclude>
    <ClInclude Include="MyVector.hpp">
      <Filter>utils</Filter>
    </ClInclude>
    <ClInclude Include="SharedPtr.hpp">
      <Filter>utils</Filter>
    </ClInclude>
    <ClInclude Include="UniquePtr.hpp">
      <Filter>utils</Filter>
    </ClInclude>
    <ClInclude Include="Board.h">
      <Filter>Header Files</Filter>
    </ClInclude>
    <ClInclude Include="Monopoly.h">
      <Filter>Header Files</Filter>
    </ClInclude>
    <ClInclude Include="Player.h">
      <Filter>Header Files</Filter>
    </ClInclude>
    <ClInclude Include="InputProcessor.h">
      <Filter>Header Files</Filter>
    </ClInclude>
    <ClInclude Include="Cottage.h">
      <Filter>Mortgage utils</Filter>
    </ClInclude>
    <ClInclude Include="Mortgage.h">
      <Filter>Mortgage utils</Filter>
    </ClInclude>
    <ClInclude Include="Castle.h">
      <Filter>Mortgage utils</Filter>
    </ClInclude>
    <ClInclude Include="MortgageManager.h">
      <Filter>Mortgage utils</Filter>
    </ClInclude>
    <ClInclude Include="CardDeck.h">
      <Filter>Card utils</Filter>
    </ClInclude>
    <ClInclude Include="Card.h">
      <Filter>Card utils</Filter>
    </ClInclude>
    <ClInclude Include="MovePositionCard.h">
      <Filter>Card utils</Filter>
    </ClInclude>
    <ClInclude Include="PaymentCard.h">
      <Filter>Card utils</Filter>
    </ClInclude>
    <ClInclude Include="Field.h">
      <Filter>Field utils</Filter>
    </ClInclude>
    <ClInclude Include="Property.h">
      <Filter>Field utils</Filter>
    </ClInclude>
    <ClInclude Include="BuyableField.h">
      <Filter>Field utils</Filter>
    </ClInclude>
    <ClInclude Include="Station.h">
      <Filter>Header Files</Filter>
    </ClInclude>
    <ClInclude Include="MyDictionary.hpp">
      <Filter>utils</Filter>
    </ClInclude>
    <ClInclude Include="MyPair.hpp">
      <Filter>utils</Filter>
    </ClInclude>
    <ClInclude Include="utilities.h">
      <Filter>utils</Filter>
    </ClInclude>
    <ClInclude Include="IteratibleContainer.hpp">
      <Filter>utils</Filter>
    </ClInclude>
    <ClInclude Include="Iterator.hpp">
      <Filter>utils</Filter>
    </ClInclude>
    <ClInclude Include="CardField.h">
      <Filter>Field utils</Filter>
    </ClInclude>
    <ClInclude Include="FieldFamily.h">
      <Filter>Field utils\FieldFamilies</Filter>
    </ClInclude>
    <ClInclude Include="PropertyFamily.h">
      <Filter>Field utils\FieldFamilies</Filter>
    </ClInclude>
  </ItemGroup>
</Project>